
Microsoft Visual Studio Solution File, Format Version 12.00
# Visual Studio 15
VisualStudioVersion = 15.0.27004.2002
MinimumVisualStudioVersion = 10.0.40219.1
Project("{9A19103F-16F7-4668-BE54-9A1E7A4F7556}") = "miniAuth", "..\mini\miniAuth\miniAuth.csproj", "{C882EE45-694D-4711-B86F-DAB94ADBFC86}"
EndProject
Project("{9A19103F-16F7-4668-BE54-9A1E7A4F7556}") = "miniSophie", "..\mini\miniSophie\miniSophie.csproj", "{A3283A77-D7B7-4138-AEC2-D78536EC1667}"
EndProject
Project("{9A19103F-16F7-4668-BE54-9A1E7A4F7556}") = "miniWage", "..\mini\miniWage\miniWage.csproj", "{2E1124BA-DDDA-4C2A-AC81-AEE7146F5574}"
EndProject
Project("{9A19103F-16F7-4668-BE54-9A1E7A4F7556}") = "miniZooey", "..\mini\miniZooey\miniZooey.csproj", "{57A49C88-D92F-45FF-BF61-FFBA0291CE31}"
EndProject
Global
	GlobalSection(SolutionConfigurationPlatforms) = preSolution
		Debug|Any CPU = Debug|Any CPU
		Release|Any CPU = Release|Any CPU
	EndGlobalSection
	GlobalSection(ProjectConfigurationPlatforms) = postSolution
		{C882EE45-694D-4711-B86F-DAB94ADBFC86}.Debug|Any CPU.ActiveCfg = Debug|Any CPU
		{C882EE45-694D-4711-B86F-DAB94ADBFC86}.Debug|Any CPU.Build.0 = Debug|Any CPU
		{C882EE45-694D-4711-B86F-DAB94ADBFC86}.Release|Any CPU.ActiveCfg = Release|Any CPU
		{C882EE45-694D-4711-B86F-DAB94ADBFC86}.Release|Any CPU.Build.0 = Release|Any CPU
		{A3283A77-D7B7-4138-AEC2-D78536EC1667}.Debug|Any CPU.ActiveCfg = Debug|Any CPU
		{A3283A77-D7B7-4138-AEC2-D78536EC1667}.Debug|Any CPU.Build.0 = Debug|Any CPU
		{A3283A77-D7B7-4138-AEC2-D78536EC1667}.Release|Any CPU.ActiveCfg = Release|Any CPU
		{A3283A77-D7B7-4138-AEC2-D78536EC1667}.Release|Any CPU.Build.0 = Release|Any CPU
		{2E1124BA-DDDA-4C2A-AC81-AEE7146F5574}.Debug|Any CPU.ActiveCfg = Debug|Any CPU
		{2E1124BA-DDDA-4C2A-AC81-AEE7146F5574}.Debug|Any CPU.Build.0 = Debug|Any CPU
		{2E1124BA-DDDA-4C2A-AC81-AEE7146F5574}.Release|Any CPU.ActiveCfg = Release|Any CPU
		{2E1124BA-DDDA-4C2A-AC81-AEE7146F5574}.Release|Any CPU.Build.0 = Release|Any CPU
		{57A49C88-D92F-45FF-BF61-FFBA0291CE31}.Debug|Any CPU.ActiveCfg = Debug|Any CPU
		{57A49C88-D92F-45FF-BF61-FFBA0291CE31}.Debug|Any CPU.Build.0 = Debug|Any CPU
		{57A49C88-D92F-45FF-BF61-FFBA0291CE31}.Release|Any CPU.ActiveCfg = Release|Any CPU
		{57A49C88-D92F-45FF-BF61-FFBA0291CE31}.Release|Any CPU.Build.0 = Release|Any CPU
	EndGlobalSection
	GlobalSection(SolutionProperties) = preSolution
		HideSolutionNode = FALSE
	EndGlobalSection
	GlobalSection(ExtensibilityGlobals) = postSolution
		SolutionGuid = {F8262D05-EA22-472F-8C41-D110C6C8D16A}
	EndGlobalSection
EndGlobal
